
Microsoft Visual Studio Solution File, Format Version 12.00
# Visual Studio 2017
Project("{FAE04EC0-301F-11D3-BF4B-00C04F79EFBC}") = "ToDoList", "ToDoList.csproj", "{5E2C4684-FCCC-4603-A151-EDDBD877B40E}"
EndProject
Project("{FAE04EC0-301F-11D3-BF4B-00C04F79EFBC}") = "ToDoList.Tests", "..\ToDoList.Tests\ToDoList.Tests.csproj", "{046828A6-B407-4D6D-8E18-0F10A03AE8DE}"
EndProject
Global
	GlobalSection(SolutionConfigurationPlatforms) = preSolution
		Debug|Any CPU = Debug|Any CPU
		Release|Any CPU = Release|Any CPU
	EndGlobalSection
	GlobalSection(ProjectConfigurationPlatforms) = postSolution
		{5E2C4684-FCCC-4603-A151-EDDBD877B40E}.Debug|Any CPU.ActiveCfg = Debug|Any CPU
		{5E2C4684-FCCC-4603-A151-EDDBD877B40E}.Debug|Any CPU.Build.0 = Debug|Any CPU
		{5E2C4684-FCCC-4603-A151-EDDBD877B40E}.Release|Any CPU.ActiveCfg = Release|Any CPU
		{5E2C4684-FCCC-4603-A151-EDDBD877B40E}.Release|Any CPU.Build.0 = Release|Any CPU
		{046828A6-B407-4D6D-8E18-0F10A03AE8DE}.Debug|Any CPU.ActiveCfg = Debug|Any CPU
		{046828A6-B407-4D6D-8E18-0F10A03AE8DE}.Debug|Any CPU.Build.0 = Debug|Any CPU
		{046828A6-B407-4D6D-8E18-0F10A03AE8DE}.Release|Any CPU.ActiveCfg = Release|Any CPU
		{046828A6-B407-4D6D-8E18-0F10A03AE8DE}.Release|Any CPU.Build.0 = Release|Any CPU
	EndGlobalSection
EndGlobal
